<?xml version="1.0" encoding="utf-8"?>
<Project ToolsVersion="4.0" xmlns="http://schemas.microsoft.com/developer/msbuild/2003">
  <ItemGroup>
    <Filter Include="Source Files">
      <UniqueIdentifier>{4FC737F1-C7A5-4376-A066-2A32D752A2FF}</UniqueIdentifier>
      <Extensions>cpp;c;cc;cxx;c++;cppm;ixx;def;odl;idl;hpj;bat;asm;asmx</Extensions>
    </Filter>
    <Filter Include="Header Files">
      <UniqueIdentifier>{93995380-89BD-4b04-88EB-625FBE52EBFB}</UniqueIdentifier>
      <Extensions>h;hh;hpp;hxx;h++;hm;inl;inc;ipp;xsd</Extensions>
    </Filter>
    <Filter Include="Resource Files">
      <UniqueIdentifier>{67DA6AB6-F800-4c08-8B7A-83BB121AAD01}</UniqueIdentifier>
      <Extensions>rc;ico;cur;bmp;dlg;rc2;rct;bin;rgs;gif;jpg;jpeg;jpe;resx;tiff;tif;png;wav;mfcribbon-ms</Extensions>
    </Filter>
  </ItemGroup>
  <ItemGroup>
    <ClCompile Include="src\dllmain.cpp">
      <Filter>Source Files</Filter>
    </ClCompile>
    <ClCompile Include="..\modules\minhook\src\buffer.c">
      <Filter>Source Files</Filter>
    </ClCompile>
    <ClCompile Include="..\modules\minhook\src\hde\hde32.c">
      <Filter>Source Files</Filter>
    </ClCompile>
    <ClCompile Include="..\modules\minhook\src\hook.c">
      <Filter>Source Files</Filter>
    </ClCompile>
    <ClCompile Include="..\modules\minhook\src\trampoline.c">
      <Filter>Source Files</Filter>
    </ClCompile>
    <ClCompile Include="src\glyph_manager.ixx">
      <Filter>Source Files</Filter>
    </ClCompile>
    <ClCompile Include="src\hooks\audio_hooks.cpp">
      <Filter>Source Files</Filter>
    </ClCompile>
    <ClCompile Include="src\hooks\dat_hooks.ixx">
      <Filter>Source Files</Filter>
    </ClCompile>
    <ClCompile Include="src\hooks\text_hooks.ixx">
      <Filter>Source Files</Filter>
    </ClCompile>
    <ClCompile Include="src\hooks\item_hooks.ixx">
      <Filter>Source Files</Filter>
    </ClCompile>
    <ClCompile Include="src\hooks\enemy_hooks.ixx">
      <Filter>Source Files</Filter>
    </ClCompile>
    <ClCompile Include="src\bof3\enemy.ixx">
      <Filter>Header Files</Filter>
    </ClCompile>
    <ClCompile Include="src\hooks\hooks.ixx">
      <Filter>Source Files</Filter>
    </ClCompile>
    <ClCompile Include="src\bof3\item.ixx">
      <Filter>Header Files</Filter>
    </ClCompile>
    <ClCompile Include="src\bof3\render.ixx">
      <Filter>Source Files</Filter>
    </ClCompile>
    <ClCompile Include="src\bof3\window.ixx">
      <Filter>Source Files</Filter>
    </ClCompile>
    <ClCompile Include="src\hooks\window_hooks.ixx">
      <Filter>Source Files</Filter>
    </ClCompile>
    <ClCompile Include="src\hooks\texture_hooks.ixx">
      <Filter>Source Files</Filter>
    </ClCompile>
    <ClCompile Include="src\hooks\gui_hooks.ixx">
      <Filter>Source Files</Filter>
    </ClCompile>
    <ClCompile Include="src\hooks\gui_menu_hooks.ixx">
      <Filter>Source Files</Filter>
    </ClCompile>
    <ClCompile Include="src\bof3\gui.ixx">
      <Filter>Source Files</Filter>
    </ClCompile>
    <ClCompile Include="src\hooks\render_hooks.ixx">
      <Filter>Source Files</Filter>
    </ClCompile>
    <ClCompile Include="src\bof3\text.ixx">
      <Filter>Source Files</Filter>
    </ClCompile>
    <ClCompile Include="src\hooks\gui_battle_hooks.ixx">
      <Filter>Source Files</Filter>
    </ClCompile>
    <ClCompile Include="src\bof3\dat.ixx">
      <Filter>Header Files</Filter>
    </ClCompile>
    <ClCompile Include="src\bof3\character.ixx">
      <Filter>Header Files</Filter>
    </ClCompile>
    <ClCompile Include="src\helpers.ixx">
      <Filter>Source Files</Filter>
    </ClCompile>
    <ClCompile Include="src\bof3\battle.ixx">
      <Filter>Source Files</Filter>
    </ClCompile>
    <ClCompile Include="src\singleton.ixx">
      <Filter>Header Files</Filter>
    </ClCompile>
    <ClCompile Include="src\text_manager.ixx">
      <Filter>Header Files</Filter>
    </ClCompile>
    <ClCompile Include="src\bof3\texture.ixx">
      <Filter>Source Files</Filter>
    </ClCompile>
    <ClCompile Include="src\hooks\gui_skilllist_hooks.ixx">
      <Filter>Source Files</Filter>
    </ClCompile>
    <ClCompile Include="src\bof3\skill.ixx">
      <Filter>Source Files</Filter>
    </ClCompile>
    <ClCompile Include="src\config_manager.ixx">
      <Filter>Source Files</Filter>
    </ClCompile>
    <ClCompile Include="src\math.ixx">
      <Filter>Source Files</Filter>
    </ClCompile>
    <ClCompile Include="src\hooks\widescreen_patches.ixx">
      <Filter>Source Files</Filter>
    </ClCompile>
  </ItemGroup>
  <ItemGroup>
    <ClInclude Include="include\bof3\audio.hpp">
      <Filter>Header Files</Filter>
    </ClInclude>
  </ItemGroup>
  <ItemGroup>
    <None Include="cpp.hint" />
  </ItemGroup>
</Project>